lockfileVersion: '9.0'

settings:
  autoInstallPeers: true
  excludeLinksFromLockfile: false

importers:

  .:
    devDependencies:
      oxlint:
        specifier: ^1.60.0
        version: 1.60.0
      playwright-core:
        specifier: ^1.59.1
        version: 1.59.1
      turbo:
        specifier: ^2.5.3
        version: 2.9.6
      typescript:
        specifier: ^6.0.3
        version: 6.0.3

  app:
    dependencies:
      '@ohm/runtime':
        specifier: workspace:*
        version: link:../packages/runtime
      '@ohm/ui':
        specifier: workspace:*
        version: link:../packages/ui

  packages/analyzer:
    dependencies:
      '@ohm/contracts':
        specifier: workspace:*
        version: link:../contracts
      '@ohm/core':
        specifier: workspace:*
        version: link:../core

  packages/contracts: {}

  packages/core:
    dependencies:
      '@ffmpeg/ffmpeg':
        specifier: ^0.12.15
        version: 0.12.15
      '@ffmpeg/util':
        specifier: ^0.12.1
        version: 0.12.2

  packages/runtime:
    dependencies:
      '@ohm/core':
        specifier: workspace:*
        version: link:../core

  packages/ui:
    dependencies:
      '@ohm/runtime':
        specifier: workspace:*
        version: link:../runtime

packages:

  '@ffmpeg/ffmpeg@0.12.15':
    resolution: {integrity: sha512-1C8Obr4GsN3xw+/1Ww6PFM84wSQAGsdoTuTWPOj2OizsRDLT4CXTaVjPhkw6ARyDus1B9X/L2LiXHqYYsGnRFw==}
    engines: {node: '>=18.x'}

  '@ffmpeg/types@0.12.4':
    resolution: {integrity: sha512-k9vJQNBGTxE5AhYDtOYR5rO5fKsspbg51gbcwtbkw2lCdoIILzklulcjJfIDwrtn7XhDeF2M+THwJ2FGrLeV6A==}
    engines: {node: '>=16.x'}

  '@ffmpeg/util@0.12.2':
    resolution: {integrity: sha512-ouyoW+4JB7WxjeZ2y6KpRvB+dLp7Cp4ro8z0HIVpZVCM7AwFlHa0c4R8Y/a4M3wMqATpYKhC7lSFHQ0T11MEDw==}
    engines: {node: '>=18.x'}

  '@oxlint/binding-android-arm-eabi@1.60.0':
    resolution: {integrity: sha512-YdeJKaZckDQL1qa62a1aKq/goyq48aX3yOxaaWqWb4sau4Ee4IiLbamftNLU3zbePky6QsDj6thnSSzHRBjDfA==}
    engines: {node: ^20.19.0 || >=22.12.0}
    cpu: [arm]
    os: [android]

  '@oxlint/binding-android-arm64@1.60.0':
    resolution: {integrity: sha512-7ANS7PpXCfq84xZQ8E5WPs14gwcuPcl+/8TFNXfpSu0CQBXz3cUo2fDpHT8v8HJN+Ut02eacvMAzTnc9s6X4tw==}
    engines: {node: ^20.19.0 || >=22.12.0}
    cpu: [arm64]
    os: [android]

  '@oxlint/binding-darwin-arm64@1.60.0':
    resolution: {integrity: sha512-pJsgd9AfplLGBm1fIr25V6V14vMrayhx4uIQvlfH7jWs2SZwSrvi3TfgfJySB8T+hvyEH8K2zXljQiUnkgUnfQ==}
    engines: {node: ^20.19.0 || >=22.12.0}
    cpu: [arm64]
    os: [darwin]

  '@oxlint/binding-darwin-x64@1.60.0':
    resolution: {integrity: sha512-Ue1aXHX49ivwflKqGJc7zcd/LeLgbhaTcDCQStgx5x06AXgjEAZmvrlMuIkWd4AL4FHQe6QJ9f33z04Cg448VQ==}
    engines: {node: ^20.19.0 || >=22.12.0}
    cpu: [x64]
    os: [darwin]

  '@oxlint/binding-freebsd-x64@1.60.0':
    resolution: {integrity: sha512-YCyQzsQtusQw+gNRW9rRTifSO+Dt/+dtCl2NHoDMZqJlRTEZ/Oht9YnuporI9yiTx7+cB+eqzX3MtHHVHGIWhg==}
    engines: {node: ^20.19.0 || >=22.12.0}
    cpu: [x64]
    os: [freebsd]

  '@oxlint/binding-linux-arm-gnueabihf@1.60.0':
    resolution: {integrity: sha512-c7dxM2Zksa45Qw16i2iGY3Fti2NirJ38FrsBsKw+qcJ0OtqTsBgKJLF0xV+yLG56UH01Z8WRPgsw31e0MoRoGQ==}
    engines: {node: ^20.19.0 || >=22.12.0}
    cpu: [arm]
    os: [linux]

  '@oxlint/binding-linux-arm-musleabihf@1.60.0':
    resolution: {integrity: sha512-ZWALoA42UYqBEP1Tbw9OWURgFGS1nWj2AAvLdY6ZcGx/Gj93qVCBKjcvwXMupZibYwFbi9s/rzqkZseb/6gVtQ==}
    engines: {node: ^20.19.0 || >=22.12.0}
    cpu: [arm]
    os: [linux]

  '@oxlint/binding-linux-arm64-gnu@1.60.0':
    resolution: {integrity: sha512-tpy+1w4p9hN5CicMCxqNy6ymfRtV5ayE573vFNjp1k1TN/qhLFgflveZoE/0++RlkHikBz2vY545NWm/hp7big==}
    engines: {node: ^20.19.0 || >=22.12.0}
    cpu: [arm64]
    os: [linux]
    libc: [glibc]

  '@oxlint/binding-linux-arm64-musl@1.60.0':
    resolution: {integrity: sha512-eDYDXZGhQAXyn6GwtwiX/qcLS0HlOLPJ/+iiIY8RYr+3P8oKBmgKxADLlniL6FtWfE7pPk7IGN9/xvDEvDvFeg==}
    engines: {node: ^20.19.0 || >=22.12.0}
    cpu: [arm64]
    os: [linux]
    libc: [musl]

  '@oxlint/binding-linux-ppc64-gnu@1.60.0':
    resolution: {integrity: sha512-nxehly5XYBHUWI9VJX1bqCf9j/B43DaK/aS/T1fcxCpX3PA4Rm9BB54nPD1CKayT8xg6REN1ao+01hSRNgy8OA==}
    engines: {node: ^20.19.0 || >=22.12.0}
    cpu: [ppc64]
    os: [linux]
    libc: [glibc]

  '@oxlint/binding-linux-riscv64-gnu@1.60.0':
    resolution: {integrity: sha512-j1qf/NaUfOWQutjeoooNG1Q0zsK0XGmSu1uDLq3cctquRF3j7t9Hxqf/76ehCc5GEUAanth2W4Fa+XT1RFg/nw==}
    engines: {node: ^20.19.0 || >=22.12.0}
    cpu: [riscv64]
    os: [linux]
    libc: [glibc]

  '@oxlint/binding-linux-riscv64-musl@1.60.0':
    resolution: {integrity: sha512-YELKPRefQ/q/h3RUmeRfPCUhh2wBvgV1RyZ/F9M9u8cDyXsQW2ojv1DeWQTt466yczDITjZnIOg/s05pk7Ve2A==}
    engines: {node: ^20.19.0 || >=22.12.0}
    cpu: [riscv64]
    os: [linux]
    libc: [musl]

  '@oxlint/binding-linux-s390x-gnu@1.60.0':
    resolution: {integrity: sha512-JkO3C6Gki7Y6h/MiIkFKvHFOz98/YWvQ4WYbK9DLXACMP2rjULzkeGyAzorJE5S1dzLQGFgeqvN779kSFwoV1g==}
    engines: {node: ^20.19.0 || >=22.12.0}
    cpu: [s390x]
    os: [linux]
    libc: [glibc]

  '@oxlint/binding-linux-x64-gnu@1.60.0':
    resolution: {integrity: sha512-XjKHdFVCpZZZSWBCKyyqCq65s2AKXykMXkjLoKYODrD+f5toLhlwsMESscu8FbgnJQ4Y/dpR/zdazsahmgBJIA==}
    engines: {node: ^20.19.0 || >=22.12.0}
    cpu: [x64]
    os: [linux]
    libc: [glibc]

  '@oxlint/binding-linux-x64-musl@1.60.0':
    resolution: {integrity: sha512-js29ZWIuPhNWzY8NC7KoffEMEeWG105vbmm+8EOJsC+T/jHBiKIJEUF78+F/IrgEWMMP9N0kRND4Pp75+xAhKg==}
    engines: {node: ^20.19.0 || >=22.12.0}
    cpu: [x64]
    os: [linux]
    libc: [musl]

  '@oxlint/binding-openharmony-arm64@1.60.0':
    resolution: {integrity: sha512-H+PUITKHk04stFpWj3x3Kg08Afp/bcXSBi0EhasR5a0Vw7StXHTzdl655PUI0fB4qdh2Wsu6Dsi+3ACxPoyQnA==}
    engines: {node: ^20.19.0 || >=22.12.0}
    cpu: [arm64]
    os: [openharmony]

  '@oxlint/binding-win32-arm64-msvc@1.60.0':
    resolution: {integrity: sha512-WA/yc7f7ZfCefBXVzNHn1Ztulb1EFwNBb4jMZ6pjML0zz6pHujlF3Q3jySluz3XHl/GNeMTntG1seUBWVMlMag==}
    engines: {node: ^20.19.0 || >=22.12.0}
    cpu: [arm64]
    os: [win32]

  '@oxlint/binding-win32-ia32-msvc@1.60.0':
    resolution: {integrity: sha512-33YxL1sqwYNZXtn3MD/4dno6s0xeedXOJlT1WohkVD565WvohClZUr7vwKdAk954n4xiEWJkewiCr+zLeq7AeA==}
    engines: {node: ^20.19.0 || >=22.12.0}
    cpu: [ia32]
    os: [win32]

  '@oxlint/binding-win32-x64-msvc@1.60.0':
    resolution: {integrity: sha512-JOro4ZcfBLamJCyfURQmOQByoorgOdx3ZjAkSqnb/CyG/i+lN3KoV5LAgk5ZAW6DPq7/Cx7n23f8DuTWXTWgyQ==}
    engines: {node: ^20.19.0 || >=22.12.0}
    cpu: [x64]
    os: [win32]

  '@turbo/darwin-64@2.9.6':
    resolution: {integrity: sha512-X/56SnVXIQZBLKwniGTwEQTGmtE5brSACnKMBWpY3YafuxVYefrC2acamfjgxP7BG5w3I+6jf0UrLoSzgPcSJg==}
    cpu: [x64]
    os: [darwin]

  '@turbo/darwin-arm64@2.9.6':
    resolution: {integrity: sha512-aalBeSl4agT/QtYGDyf/XLajedWzUC9Vg/pm/YO6QQ93vkQ91Vz5uK1ta5RbVRDozQSz4njxUNqRNmOXDzW+qw==}
    cpu: [arm64]
    os: [darwin]

  '@turbo/linux-64@2.9.6':
    resolution: {integrity: sha512-YKi05jnNHaD7vevgYwahpzGwbsNNTwzU2c7VZdmdFm7+cGDP4oREUWSsainiMfRqjRuolQxBwRn8wf1jmu+YZA==}
    cpu: [x64]
    os: [linux]

  '@turbo/linux-arm64@2.9.6':
    resolution: {integrity: sha512-02o/ZS69cOYEDczXvOB2xmyrtzjQ2hVFtWZK1iqxXUfzMmTjZK4UumrfNnjckSg+gqeBfnPRHa0NstA173Ik3g==}
    cpu: [arm64]
    os: [linux]

  '@turbo/windows-64@2.9.6':
    resolution: {integrity: sha512-wVdQjvnBI15wB6JrA+43CtUtagjIMmX6XYO758oZHAsCNSxqRlJtdyujih0D8OCnwCRWiGWGI63zAxR0hO6s9g==}
    cpu: [x64]
    os: [win32]

  '@turbo/windows-arm64@2.9.6':
    resolution: {integrity: sha512-1XUUyWW0W6FTSqGEhU8RHVqb2wP1SPkr7hIvBlMEwH9jr+sJQK5kqeosLJ/QaUv4ecSAd1ZhIrLoW7qslAzT4A==}
    cpu: [arm64]
    os: [win32]

  oxlint@1.60.0:
    resolution: {integrity: sha512-tnRzTWiWJ9pg3ftRWnD0+Oqh78L6ZSwcEudvCZaER0PIqiAnNyXj5N1dPwjmNpDalkKS9m/WMLN1CTPUBPmsgw==}
    engines: {node: ^20.19.0 || >=22.12.0}
    hasBin: true
    peerDependencies:
      oxlint-tsgolint: '>=0.18.0'
    peerDependenciesMeta:
      oxlint-tsgolint:
        optional: true

  playwright-core@1.59.1:
    resolution: {integrity: sha512-HBV/RJg81z5BiiZ9yPzIiClYV/QMsDCKUyogwH9p3MCP6IYjUFu/MActgYAvK0oWyV9NlwM3GLBjADyWgydVyg==}
    engines: {node: '>=18'}
    hasBin: true

  turbo@2.9.6:
    resolution: {integrity: sha512-+v2QJey7ZUeUiuigkU+uFfklvNUyPI2VO2vBpMYJA+a1hKFLFiKtUYlRHdb3P9CrAvMzi0upbjI4WT+zKtqkBg==}
    hasBin: true

  typescript@6.0.3:
    resolution: {integrity: sha512-y2TvuxSZPDyQakkFRPZHKFm+KKVqIisdg9/CZwm9ftvKXLP8NRWj38/ODjNbr43SsoXqNuAisEf1GdCxqWcdBw==}
    engines: {node: '>=14.17'}
    hasBin: true

snapshots:

  '@ffmpeg/ffmpeg@0.12.15':
    dependencies:
      '@ffmpeg/types': 0.12.4

  '@ffmpeg/types@0.12.4': {}

  '@ffmpeg/util@0.12.2': {}

  '@oxlint/binding-android-arm-eabi@1.60.0':
    optional: true

  '@oxlint/binding-android-arm64@1.60.0':
    optional: true

  '@oxlint/binding-darwin-arm64@1.60.0':
    optional: true

  '@oxlint/binding-darwin-x64@1.60.0':
    optional: true

  '@oxlint/binding-freebsd-x64@1.60.0':
    optional: true

  '@oxlint/binding-linux-arm-gnueabihf@1.60.0':
    optional: true

  '@oxlint/binding-linux-arm-musleabihf@1.60.0':
    optional: true

  '@oxlint/binding-linux-arm64-gnu@1.60.0':
    optional: true

  '@oxlint/binding-linux-arm64-musl@1.60.0':
    optional: true

  '@oxlint/binding-linux-ppc64-gnu@1.60.0':
    optional: true

  '@oxlint/binding-linux-riscv64-gnu@1.60.0':
    optional: true

  '@oxlint/binding-linux-riscv64-musl@1.60.0':
    optional: true

  '@oxlint/binding-linux-s390x-gnu@1.60.0':
    optional: true

  '@oxlint/binding-linux-x64-gnu@1.60.0':
    optional: true

  '@oxlint/binding-linux-x64-musl@1.60.0':
    optional: true

  '@oxlint/binding-openharmony-arm64@1.60.0':
    optional: true

  '@oxlint/binding-win32-arm64-msvc@1.60.0':
    optional: true

  '@oxlint/binding-win32-ia32-msvc@1.60.0':
    optional: true

  '@oxlint/binding-win32-x64-msvc@1.60.0':
    optional: true

  '@turbo/darwin-64@2.9.6':
    optional: true

  '@turbo/darwin-arm64@2.9.6':
    optional: true

  '@turbo/linux-64@2.9.6':
    optional: true

  '@turbo/linux-arm64@2.9.6':
    optional: true

  '@turbo/windows-64@2.9.6':
    optional: true

  '@turbo/windows-arm64@2.9.6':
    optional: true

  oxlint@1.60.0:
    optionalDependencies:
      '@oxlint/binding-android-arm-eabi': 1.60.0
      '@oxlint/binding-android-arm64': 1.60.0
      '@oxlint/binding-darwin-arm64': 1.60.0
      '@oxlint/binding-darwin-x64': 1.60.0
      '@oxlint/binding-freebsd-x64': 1.60.0
      '@oxlint/binding-linux-arm-gnueabihf': 1.60.0
      '@oxlint/binding-linux-arm-musleabihf': 1.60.0
      '@oxlint/binding-linux-arm64-gnu': 1.60.0
      '@oxlint/binding-linux-arm64-musl': 1.60.0
      '@oxlint/binding-linux-ppc64-gnu': 1.60.0
      '@oxlint/binding-linux-riscv64-gnu': 1.60.0
      '@oxlint/binding-linux-riscv64-musl': 1.60.0
      '@oxlint/binding-linux-s390x-gnu': 1.60.0
      '@oxlint/binding-linux-x64-gnu': 1.60.0
      '@oxlint/binding-linux-x64-musl': 1.60.0
      '@oxlint/binding-openharmony-arm64': 1.60.0
      '@oxlint/binding-win32-arm64-msvc': 1.60.0
      '@oxlint/binding-win32-ia32-msvc': 1.60.0
      '@oxlint/binding-win32-x64-msvc': 1.60.0

  playwright-core@1.59.1: {}

  turbo@2.9.6:
    optionalDependencies:
      '@turbo/darwin-64': 2.9.6
      '@turbo/darwin-arm64': 2.9.6
      '@turbo/linux-64': 2.9.6
      '@turbo/linux-arm64': 2.9.6
      '@turbo/windows-64': 2.9.6
      '@turbo/windows-arm64': 2.9.6

  typescript@6.0.3: {}
